
Microsoft Visual Studio Solution File, Format Version 12.00
# Visual Studio 15
VisualStudioVersion = 15.0.27703.2026
MinimumVisualStudioVersion = 10.0.40219.1
Project("{2150E333-8FDC-42A3-9474-1A3956D46DE8}") = "UWP", "UWP", "{7672A78E-DAD6-4714-9690-34C4AD9F1ACA}"
EndProject
Project("{FAE04EC0-301F-11D3-BF4B-00C04F79EFBC}") = "InkCanvasSample001", "UWP\InkCanvasSample001\InkCanvasSample001.csproj", "{9F76859C-6EE0-49DF-80EE-040CA9958887}"
EndProject
Project("{FAE04EC0-301F-11D3-BF4B-00C04F79EFBC}") = "InkToolbarSample001", "UWP\InkToolbarSample001\InkToolbarSample001.csproj", "{722F9974-8180-4FA4-B5DD-60F5FE57BED1}"
EndProject
Project("{FAE04EC0-301F-11D3-BF4B-00C04F79EFBC}") = "InkToolbarSample002", "UWP\InkToolbarSample002\InkToolbarSample002.csproj", "{7781D524-D6EF-4B40-9C8F-9AB53DF0DA44}"
EndProject
Project("{FAE04EC0-301F-11D3-BF4B-00C04F79EFBC}") = "InkSaveAndLoadSample001", "UWP\InkSaveAndLoadSample001\InkSaveAndLoadSample001.csproj", "{A1C915C4-ECEB-4D1D-A460-2E43CA6CE661}"
EndProject
Project("{FAE04EC0-301F-11D3-BF4B-00C04F79EFBC}") = "InkSaveToPngSample", "UWP\InkSaveToPngSample\InkSaveToPngSample.csproj", "{A991C77D-CD1F-47B6-AC2C-E45387425E9B}"
EndProject
Project("{FAE04EC0-301F-11D3-BF4B-00C04F79EFBC}") = "HandWritingSample001", "UWP\HandWritingSample001\HandWritingSample001.csproj", "{A1191F74-9946-4AA3-99B7-A1ED2DE8557D}"
EndProject
Project("{2150E333-8FDC-42A3-9474-1A3956D46DE8}") = "WPF", "WPF", "{CDF1D9BC-5187-45CE-AB22-0C1B33F47389}"
EndProject
Project("{FAE04EC0-301F-11D3-BF4B-00C04F79EFBC}") = "InkCanvasSample001", "WPF\InkCanvasSample001\InkCanvasSample001.csproj", "{D39933BD-C29A-42EC-BA01-3959DC04DC87}"
EndProject
Project("{FAE04EC0-301F-11D3-BF4B-00C04F79EFBC}") = "InkSaveAndLoadSample001", "WPF\InkSaveAndLoadSample001\InkSaveAndLoadSample001.csproj", "{3E9C4D77-05A3-4AC0-BFEB-802F5F0558B5}"
EndProject
Project("{FAE04EC0-301F-11D3-BF4B-00C04F79EFBC}") = "InkSaveToPngSample", "WPF\InkSaveToPngSample\InkSaveToPngSample.csproj", "{EE1A0FFE-5E80-4881-93DF-167981A6FA05}"
EndProject
Project("{FAE04EC0-301F-11D3-BF4B-00C04F79EFBC}") = "HandWritingSample001", "WPF\HandWritingSample001\HandWritingSample001.csproj", "{FA41B5BF-1AA3-4025-A4AA-A4D73C2EEE59}"
EndProject
Project("{2150E333-8FDC-42A3-9474-1A3956D46DE8}") = "WindowsForms", "WindowsForms", "{16A1F859-1FCA-4546-8426-4797DF68BE4C}"
EndProject
Project("{FAE04EC0-301F-11D3-BF4B-00C04F79EFBC}") = "InkOverlaySample001", "WindowsForms\InkOverlaySample001\InkOverlaySample001.csproj", "{C32C7315-816C-4B48-96F6-71D2465F6C8D}"
EndProject
Project("{FAE04EC0-301F-11D3-BF4B-00C04F79EFBC}") = "InkSaveAndLoadSample001", "WindowsForms\InkSaveAndLoadSample001\InkSaveAndLoadSample001.csproj", "{52F4DF30-0A5F-452E-846F-739F559E621A}"
EndProject
Project("{FAE04EC0-301F-11D3-BF4B-00C04F79EFBC}") = "InkSaveToPngSample", "WindowsForms\InkSaveToPngSample\InkSaveToPngSample.csproj", "{D6E57955-BDC0-4FE3-83B4-094989091A5D}"
EndProject
Project("{FAE04EC0-301F-11D3-BF4B-00C04F79EFBC}") = "HandWritingSample001", "WindowsForms\HandWritingSample001\HandWritingSample001.csproj", "{9FB8A1FA-B4CE-4281-A76A-E69AF4996005}"
EndProject
Project("{FAE04EC0-301F-11D3-BF4B-00C04F79EFBC}") = "WpfInkControlLibrary", "WPF\WpfInkControlLibrary\WpfInkControlLibrary.csproj", "{82074A33-B3C6-438E-9C52-E82387A2462A}"
EndProject
Project("{FAE04EC0-301F-11D3-BF4B-00C04F79EFBC}") = "HostWpfInkControlSample001", "WindowsForms\HostWpfInkControlSample001\HostWpfInkControlSample001.csproj", "{D9BBD533-56CD-400A-B8B7-E60F860C72A1}"
EndProject
Project("{FAE04EC0-301F-11D3-BF4B-00C04F79EFBC}") = "InkSaveToPngSample002", "UWP\InkSaveToPngSample002\InkSaveToPngSample002.csproj", "{3233A954-012F-431B-8A0C-D2951955353B}"
EndProject
Global
	GlobalSection(SolutionConfigurationPlatforms) = preSolution
		Debug|Any CPU = Debug|Any CPU
		Debug|ARM = Debug|ARM
		Debug|x64 = Debug|x64
		Debug|x86 = Debug|x86
		Release|Any CPU = Release|Any CPU
		Release|ARM = Release|ARM
		Release|x64 = Release|x64
		Release|x86 = Release|x86
	EndGlobalSection
	GlobalSection(ProjectConfigurationPlatforms) = postSolution
		{9F76859C-6EE0-49DF-80EE-040CA9958887}.Debug|Any CPU.ActiveCfg = Debug|x86
		{9F76859C-6EE0-49DF-80EE-040CA9958887}.Debug|ARM.ActiveCfg = Debug|ARM
		{9F76859C-6EE0-49DF-80EE-040CA9958887}.Debug|ARM.Build.0 = Debug|ARM
		{9F76859C-6EE0-49DF-80EE-040CA9958887}.Debug|ARM.Deploy.0 = Debug|ARM
		{9F76859C-6EE0-49DF-80EE-040CA9958887}.Debug|x64.ActiveCfg = Debug|x64
		{9F76859C-6EE0-49DF-80EE-040CA9958887}.Debug|x64.Build.0 = Debug|x64
		{9F76859C-6EE0-49DF-80EE-040CA9958887}.Debug|x64.Deploy.0 = Debug|x64
		{9F76859C-6EE0-49DF-80EE-040CA9958887}.Debug|x86.ActiveCfg = Debug|x86
		{9F76859C-6EE0-49DF-80EE-040CA9958887}.Debug|x86.Build.0 = Debug|x86
		{9F76859C-6EE0-49DF-80EE-040CA9958887}.Debug|x86.Deploy.0 = Debug|x86
		{9F76859C-6EE0-49DF-80EE-040CA9958887}.Release|Any CPU.ActiveCfg = Release|x86
		{9F76859C-6EE0-49DF-80EE-040CA9958887}.Release|ARM.ActiveCfg = Release|ARM
		{9F76859C-6EE0-49DF-80EE-040CA9958887}.Release|ARM.Build.0 = Release|ARM
		{9F76859C-6EE0-49DF-80EE-040CA9958887}.Release|ARM.Deploy.0 = Release|ARM
		{9F76859C-6EE0-49DF-80EE-040CA9958887}.Release|x64.ActiveCfg = Release|x64
		{9F76859C-6EE0-49DF-80EE-040CA9958887}.Release|x64.Build.0 = Release|x64
		{9F76859C-6EE0-49DF-80EE-040CA9958887}.Release|x64.Deploy.0 = Release|x64
		{9F76859C-6EE0-49DF-80EE-040CA9958887}.Release|x86.ActiveCfg = Release|x86
		{9F76859C-6EE0-49DF-80EE-040CA9958887}.Release|x86.Build.0 = Release|x86
		{9F76859C-6EE0-49DF-80EE-040CA9958887}.Release|x86.Deploy.0 = Release|x86
		{722F9974-8180-4FA4-B5DD-60F5FE57BED1}.Debug|Any CPU.ActiveCfg = Debug|x86
		{722F9974-8180-4FA4-B5DD-60F5FE57BED1}.Debug|ARM.ActiveCfg = Debug|ARM
		{722F9974-8180-4FA4-B5DD-60F5FE57BED1}.Debug|ARM.Build.0 = Debug|ARM
		{722F9974-8180-4FA4-B5DD-60F5FE57BED1}.Debug|ARM.Deploy.0 = Debug|ARM
		{722F9974-8180-4FA4-B5DD-60F5FE57BED1}.Debug|x64.ActiveCfg = Debug|x64
		{722F9974-8180-4FA4-B5DD-60F5FE57BED1}.Debug|x64.Build.0 = Debug|x64
		{722F9974-8180-4FA4-B5DD-60F5FE57BED1}.Debug|x64.Deploy.0 = Debug|x64
		{722F9974-8180-4FA4-B5DD-60F5FE57BED1}.Debug|x86.ActiveCfg = Debug|x86
		{722F9974-8180-4FA4-B5DD-60F5FE57BED1}.Debug|x86.Build.0 = Debug|x86
		{722F9974-8180-4FA4-B5DD-60F5FE57BED1}.Debug|x86.Deploy.0 = Debug|x86
		{722F9974-8180-4FA4-B5DD-60F5FE57BED1}.Release|Any CPU.ActiveCfg = Release|x86
		{722F9974-8180-4FA4-B5DD-60F5FE57BED1}.Release|ARM.ActiveCfg = Release|ARM
		{722F9974-8180-4FA4-B5DD-60F5FE57BED1}.Release|ARM.Build.0 = Release|ARM
		{722F9974-8180-4FA4-B5DD-60F5FE57BED1}.Release|ARM.Deploy.0 = Release|ARM
		{722F9974-8180-4FA4-B5DD-60F5FE57BED1}.Release|x64.ActiveCfg = Release|x64
		{722F9974-8180-4FA4-B5DD-60F5FE57BED1}.Release|x64.Build.0 = Release|x64
		{722F9974-8180-4FA4-B5DD-60F5FE57BED1}.Release|x64.Deploy.0 = Release|x64
		{722F9974-8180-4FA4-B5DD-60F5FE57BED1}.Release|x86.ActiveCfg = Release|x86
		{722F9974-8180-4FA4-B5DD-60F5FE57BED1}.Release|x86.Build.0 = Release|x86
		{722F9974-8180-4FA4-B5DD-60F5FE57BED1}.Release|x86.Deploy.0 = Release|x86
		{7781D524-D6EF-4B40-9C8F-9AB53DF0DA44}.Debug|Any CPU.ActiveCfg = Debug|x86
		{7781D524-D6EF-4B40-9C8F-9AB53DF0DA44}.Debug|ARM.ActiveCfg = Debug|ARM
		{7781D524-D6EF-4B40-9C8F-9AB53DF0DA44}.Debug|ARM.Build.0 = Debug|ARM
		{7781D524-D6EF-4B40-9C8F-9AB53DF0DA44}.Debug|ARM.Deploy.0 = Debug|ARM
		{7781D524-D6EF-4B40-9C8F-9AB53DF0DA44}.Debug|x64.ActiveCfg = Debug|x64
		{7781D524-D6EF-4B40-9C8F-9AB53DF0DA44}.Debug|x64.Build.0 = Debug|x64
		{7781D524-D6EF-4B40-9C8F-9AB53DF0DA44}.Debug|x64.Deploy.0 = Debug|x64
		{7781D524-D6EF-4B40-9C8F-9AB53DF0DA44}.Debug|x86.ActiveCfg = Debug|x86
		{7781D524-D6EF-4B40-9C8F-9AB53DF0DA44}.Debug|x86.Build.0 = Debug|x86
		{7781D524-D6EF-4B40-9C8F-9AB53DF0DA44}.Debug|x86.Deploy.0 = Debug|x86
		{7781D524-D6EF-4B40-9C8F-9AB53DF0DA44}.Release|Any CPU.ActiveCfg = Release|x86
		{7781D524-D6EF-4B40-9C8F-9AB53DF0DA44}.Release|ARM.ActiveCfg = Release|ARM
		{7781D524-D6EF-4B40-9C8F-9AB53DF0DA44}.Release|ARM.Build.0 = Release|ARM
		{7781D524-D6EF-4B40-9C8F-9AB53DF0DA44}.Release|ARM.Deploy.0 = Release|ARM
		{7781D524-D6EF-4B40-9C8F-9AB53DF0DA44}.Release|x64.ActiveCfg = Release|x64
		{7781D524-D6EF-4B40-9C8F-9AB53DF0DA44}.Release|x64.Build.0 = Release|x64
		{7781D524-D6EF-4B40-9C8F-9AB53DF0DA44}.Release|x64.Deploy.0 = Release|x64
		{7781D524-D6EF-4B40-9C8F-9AB53DF0DA44}.Release|x86.ActiveCfg = Release|x86
		{7781D524-D6EF-4B40-9C8F-9AB53DF0DA44}.Release|x86.Build.0 = Release|x86
		{7781D524-D6EF-4B40-9C8F-9AB53DF0DA44}.Release|x86.Deploy.0 = Release|x86
		{A1C915C4-ECEB-4D1D-A460-2E43CA6CE661}.Debug|Any CPU.ActiveCfg = Debug|x86
		{A1C915C4-ECEB-4D1D-A460-2E43CA6CE661}.Debug|ARM.ActiveCfg = Debug|ARM
		{A1C915C4-ECEB-4D1D-A460-2E43CA6CE661}.Debug|ARM.Build.0 = Debug|ARM
		{A1C915C4-ECEB-4D1D-A460-2E43CA6CE661}.Debug|ARM.Deploy.0 = Debug|ARM
		{A1C915C4-ECEB-4D1D-A460-2E43CA6CE661}.Debug|x64.ActiveCfg = Debug|x64
		{A1C915C4-ECEB-4D1D-A460-2E43CA6CE661}.Debug|x64.Build.0 = Debug|x64
		{A1C915C4-ECEB-4D1D-A460-2E43CA6CE661}.Debug|x64.Deploy.0 = Debug|x64
		{A1C915C4-ECEB-4D1D-A460-2E43CA6CE661}.Debug|x86.ActiveCfg = Debug|x86
		{A1C915C4-ECEB-4D1D-A460-2E43CA6CE661}.Debug|x86.Build.0 = Debug|x86
		{A1C915C4-ECEB-4D1D-A460-2E43CA6CE661}.Debug|x86.Deploy.0 = Debug|x86
		{A1C915C4-ECEB-4D1D-A460-2E43CA6CE661}.Release|Any CPU.ActiveCfg = Release|x86
		{A1C915C4-ECEB-4D1D-A460-2E43CA6CE661}.Release|ARM.ActiveCfg = Release|ARM
		{A1C915C4-ECEB-4D1D-A460-2E43CA6CE661}.Release|ARM.Build.0 = Release|ARM
		{A1C915C4-ECEB-4D1D-A460-2E43CA6CE661}.Release|ARM.Deploy.0 = Release|ARM
		{A1C915C4-ECEB-4D1D-A460-2E43CA6CE661}.Release|x64.ActiveCfg = Release|x64
		{A1C915C4-ECEB-4D1D-A460-2E43CA6CE661}.Release|x64.Build.0 = Release|x64
		{A1C915C4-ECEB-4D1D-A460-2E43CA6CE661}.Release|x64.Deploy.0 = Release|x64
		{A1C915C4-ECEB-4D1D-A460-2E43CA6CE661}.Release|x86.ActiveCfg = Release|x86
		{A1C915C4-ECEB-4D1D-A460-2E43CA6CE661}.Release|x86.Build.0 = Release|x86
		{A1C915C4-ECEB-4D1D-A460-2E43CA6CE661}.Release|x86.Deploy.0 = Release|x86
		{A991C77D-CD1F-47B6-AC2C-E45387425E9B}.Debug|Any CPU.ActiveCfg = Debug|x86
		{A991C77D-CD1F-47B6-AC2C-E45387425E9B}.Debug|ARM.ActiveCfg = Debug|ARM
		{A991C77D-CD1F-47B6-AC2C-E45387425E9B}.Debug|ARM.Build.0 = Debug|ARM
		{A991C77D-CD1F-47B6-AC2C-E45387425E9B}.Debug|ARM.Deploy.0 = Debug|ARM
		{A991C77D-CD1F-47B6-AC2C-E45387425E9B}.Debug|x64.ActiveCfg = Debug|x64
		{A991C77D-CD1F-47B6-AC2C-E45387425E9B}.Debug|x64.Build.0 = Debug|x64
		{A991C77D-CD1F-47B6-AC2C-E45387425E9B}.Debug|x64.Deploy.0 = Debug|x64
		{A991C77D-CD1F-47B6-AC2C-E45387425E9B}.Debug|x86.ActiveCfg = Debug|x86
		{A991C77D-CD1F-47B6-AC2C-E45387425E9B}.Debug|x86.Build.0 = Debug|x86
		{A991C77D-CD1F-47B6-AC2C-E45387425E9B}.Debug|x86.Deploy.0 = Debug|x86
		{A991C77D-CD1F-47B6-AC2C-E45387425E9B}.Release|Any CPU.ActiveCfg = Release|x86
		{A991C77D-CD1F-47B6-AC2C-E45387425E9B}.Release|ARM.ActiveCfg = Release|ARM
		{A991C77D-CD1F-47B6-AC2C-E45387425E9B}.Release|ARM.Build.0 = Release|ARM
		{A991C77D-CD1F-47B6-AC2C-E45387425E9B}.Release|ARM.Deploy.0 = Release|ARM
		{A991C77D-CD1F-47B6-AC2C-E45387425E9B}.Release|x64.ActiveCfg = Release|x64
		{A991C77D-CD1F-47B6-AC2C-E45387425E9B}.Release|x64.Build.0 = Release|x64
		{A991C77D-CD1F-47B6-AC2C-E45387425E9B}.Release|x64.Deploy.0 = Release|x64
		{A991C77D-CD1F-47B6-AC2C-E45387425E9B}.Release|x86.ActiveCfg = Release|x86
		{A991C77D-CD1F-47B6-AC2C-E45387425E9B}.Release|x86.Build.0 = Release|x86
		{A991C77D-CD1F-47B6-AC2C-E45387425E9B}.Release|x86.Deploy.0 = Release|x86
		{A1191F74-9946-4AA3-99B7-A1ED2DE8557D}.Debug|Any CPU.ActiveCfg = Debug|x86
		{A1191F74-9946-4AA3-99B7-A1ED2DE8557D}.Debug|ARM.ActiveCfg = Debug|ARM
		{A1191F74-9946-4AA3-99B7-A1ED2DE8557D}.Debug|ARM.Build.0 = Debug|ARM
		{A1191F74-9946-4AA3-99B7-A1ED2DE8557D}.Debug|ARM.Deploy.0 = Debug|ARM
		{A1191F74-9946-4AA3-99B7-A1ED2DE8557D}.Debug|x64.ActiveCfg = Debug|x64
		{A1191F74-9946-4AA3-99B7-A1ED2DE8557D}.Debug|x64.Build.0 = Debug|x64
		{A1191F74-9946-4AA3-99B7-A1ED2DE8557D}.Debug|x64.Deploy.0 = Debug|x64
		{A1191F74-9946-4AA3-99B7-A1ED2DE8557D}.Debug|x86.ActiveCfg = Debug|x86
		{A1191F74-9946-4AA3-99B7-A1ED2DE8557D}.Debug|x86.Build.0 = Debug|x86
		{A1191F74-9946-4AA3-99B7-A1ED2DE8557D}.Debug|x86.Deploy.0 = Debug|x86
		{A1191F74-9946-4AA3-99B7-A1ED2DE8557D}.Release|Any CPU.ActiveCfg = Release|x86
		{A1191F74-9946-4AA3-99B7-A1ED2DE8557D}.Release|ARM.ActiveCfg = Release|ARM
		{A1191F74-9946-4AA3-99B7-A1ED2DE8557D}.Release|ARM.Build.0 = Release|ARM
		{A1191F74-9946-4AA3-99B7-A1ED2DE8557D}.Release|ARM.Deploy.0 = Release|ARM
		{A1191F74-9946-4AA3-99B7-A1ED2DE8557D}.Release|x64.ActiveCfg = Release|x64
		{A1191F74-9946-4AA3-99B7-A1ED2DE8557D}.Release|x64.Build.0 = Release|x64
		{A1191F74-9946-4AA3-99B7-A1ED2DE8557D}.Release|x64.Deploy.0 = Release|x64
		{A1191F74-9946-4AA3-99B7-A1ED2DE8557D}.Release|x86.ActiveCfg = Release|x86
		{A1191F74-9946-4AA3-99B7-A1ED2DE8557D}.Release|x86.Build.0 = Release|x86
		{A1191F74-9946-4AA3-99B7-A1ED2DE8557D}.Release|x86.Deploy.0 = Release|x86
		{D39933BD-C29A-42EC-BA01-3959DC04DC87}.Debug|Any CPU.ActiveCfg = Debug|Any CPU
		{D39933BD-C29A-42EC-BA01-3959DC04DC87}.Debug|Any CPU.Build.0 = Debug|Any CPU
		{D39933BD-C29A-42EC-BA01-3959DC04DC87}.Debug|ARM.ActiveCfg = Debug|Any CPU
		{D39933BD-C29A-42EC-BA01-3959DC04DC87}.Debug|ARM.Build.0 = Debug|Any CPU
		{D39933BD-C29A-42EC-BA01-3959DC04DC87}.Debug|x64.ActiveCfg = Debug|Any CPU
		{D39933BD-C29A-42EC-BA01-3959DC04DC87}.Debug|x64.Build.0 = Debug|Any CPU
		{D39933BD-C29A-42EC-BA01-3959DC04DC87}.Debug|x86.ActiveCfg = Debug|Any CPU
		{D39933BD-C29A-42EC-BA01-3959DC04DC87}.Debug|x86.Build.0 = Debug|Any CPU
		{D39933BD-C29A-42EC-BA01-3959DC04DC87}.Release|Any CPU.ActiveCfg = Release|Any CPU
		{D39933BD-C29A-42EC-BA01-3959DC04DC87}.Release|Any CPU.Build.0 = Release|Any CPU
		{D39933BD-C29A-42EC-BA01-3959DC04DC87}.Release|ARM.ActiveCfg = Release|Any CPU
		{D39933BD-C29A-42EC-BA01-3959DC04DC87}.Release|ARM.Build.0 = Release|Any CPU
		{D39933BD-C29A-42EC-BA01-3959DC04DC87}.Release|x64.ActiveCfg = Release|Any CPU
		{D39933BD-C29A-42EC-BA01-3959DC04DC87}.Release|x64.Build.0 = Release|Any CPU
		{D39933BD-C29A-42EC-BA01-3959DC04DC87}.Release|x86.ActiveCfg = Release|Any CPU
		{D39933BD-C29A-42EC-BA01-3959DC04DC87}.Release|x86.Build.0 = Release|Any CPU
		{3E9C4D77-05A3-4AC0-BFEB-802F5F0558B5}.Debug|Any CPU.ActiveCfg = Debug|Any CPU
		{3E9C4D77-05A3-4AC0-BFEB-802F5F0558B5}.Debug|Any CPU.Build.0 = Debug|Any CPU
		{3E9C4D77-05A3-4AC0-BFEB-802F5F0558B5}.Debug|ARM.ActiveCfg = Debug|Any CPU
		{3E9C4D77-05A3-4AC0-BFEB-802F5F0558B5}.Debug|ARM.Build.0 = Debug|Any CPU
		{3E9C4D77-05A3-4AC0-BFEB-802F5F0558B5}.Debug|x64.ActiveCfg = Debug|Any CPU
		{3E9C4D77-05A3-4AC0-BFEB-802F5F0558B5}.Debug|x64.Build.0 = Debug|Any CPU
		{3E9C4D77-05A3-4AC0-BFEB-802F5F0558B5}.Debug|x86.ActiveCfg = Debug|Any CPU
		{3E9C4D77-05A3-4AC0-BFEB-802F5F0558B5}.Debug|x86.Build.0 = Debug|Any CPU
		{3E9C4D77-05A3-4AC0-BFEB-802F5F0558B5}.Release|Any CPU.ActiveCfg = Release|Any CPU
		{3E9C4D77-05A3-4AC0-BFEB-802F5F0558B5}.Release|Any CPU.Build.0 = Release|Any CPU
		{3E9C4D77-05A3-4AC0-BFEB-802F5F0558B5}.Release|ARM.ActiveCfg = Release|Any CPU
		{3E9C4D77-05A3-4AC0-BFEB-802F5F0558B5}.Release|ARM.Build.0 = Release|Any CPU
		{3E9C4D77-05A3-4AC0-BFEB-802F5F0558B5}.Release|x64.ActiveCfg = Release|Any CPU
		{3E9C4D77-05A3-4AC0-BFEB-802F5F0558B5}.Release|x64.Build.0 = Release|Any CPU
		{3E9C4D77-05A3-4AC0-BFEB-802F5F0558B5}.Release|x86.ActiveCfg = Release|Any CPU
		{3E9C4D77-05A3-4AC0-BFEB-802F5F0558B5}.Release|x86.Build.0 = Release|Any CPU
		{EE1A0FFE-5E80-4881-93DF-167981A6FA05}.Debug|Any CPU.ActiveCfg = Debug|Any CPU
		{EE1A0FFE-5E80-4881-93DF-167981A6FA05}.Debug|Any CPU.Build.0 = Debug|Any CPU
		{EE1A0FFE-5E80-4881-93DF-167981A6FA05}.Debug|ARM.ActiveCfg = Debug|Any CPU
		{EE1A0FFE-5E80-4881-93DF-167981A6FA05}.Debug|ARM.Build.0 = Debug|Any CPU
		{EE1A0FFE-5E80-4881-93DF-167981A6FA05}.Debug|x64.ActiveCfg = Debug|Any CPU
		{EE1A0FFE-5E80-4881-93DF-167981A6FA05}.Debug|x64.Build.0 = Debug|Any CPU
		{EE1A0FFE-5E80-4881-93DF-167981A6FA05}.Debug|x86.ActiveCfg = Debug|Any CPU
		{EE1A0FFE-5E80-4881-93DF-167981A6FA05}.Debug|x86.Build.0 = Debug|Any CPU
		{EE1A0FFE-5E80-4881-93DF-167981A6FA05}.Release|Any CPU.ActiveCfg = Release|Any CPU
		{EE1A0FFE-5E80-4881-93DF-167981A6FA05}.Release|Any CPU.Build.0 = Release|Any CPU
		{EE1A0FFE-5E80-4881-93DF-167981A6FA05}.Release|ARM.ActiveCfg = Release|Any CPU
		{EE1A0FFE-5E80-4881-93DF-167981A6FA05}.Release|ARM.Build.0 = Release|Any CPU
		{EE1A0FFE-5E80-4881-93DF-167981A6FA05}.Release|x64.ActiveCfg = Release|Any CPU
		{EE1A0FFE-5E80-4881-93DF-167981A6FA05}.Release|x64.Build.0 = Release|Any CPU
		{EE1A0FFE-5E80-4881-93DF-167981A6FA05}.Release|x86.ActiveCfg = Release|Any CPU
		{EE1A0FFE-5E80-4881-93DF-167981A6FA05}.Release|x86.Build.0 = Release|Any CPU
		{FA41B5BF-1AA3-4025-A4AA-A4D73C2EEE59}.Debug|Any CPU.ActiveCfg = Debug|Any CPU
		{FA41B5BF-1AA3-4025-A4AA-A4D73C2EEE59}.Debug|Any CPU.Build.0 = Debug|Any CPU
		{FA41B5BF-1AA3-4025-A4AA-A4D73C2EEE59}.Debug|ARM.ActiveCfg = Debug|Any CPU
		{FA41B5BF-1AA3-4025-A4AA-A4D73C2EEE59}.Debug|ARM.Build.0 = Debug|Any CPU
		{FA41B5BF-1AA3-4025-A4AA-A4D73C2EEE59}.Debug|x64.ActiveCfg = Debug|Any CPU
		{FA41B5BF-1AA3-4025-A4AA-A4D73C2EEE59}.Debug|x64.Build.0 = Debug|Any CPU
		{FA41B5BF-1AA3-4025-A4AA-A4D73C2EEE59}.Debug|x86.ActiveCfg = Debug|Any CPU
		{FA41B5BF-1AA3-4025-A4AA-A4D73C2EEE59}.Debug|x86.Build.0 = Debug|Any CPU
		{FA41B5BF-1AA3-4025-A4AA-A4D73C2EEE59}.Release|Any CPU.ActiveCfg = Release|Any CPU
		{FA41B5BF-1AA3-4025-A4AA-A4D73C2EEE59}.Release|Any CPU.Build.0 = Release|Any CPU
		{FA41B5BF-1AA3-4025-A4AA-A4D73C2EEE59}.Release|ARM.ActiveCfg = Release|Any CPU
		{FA41B5BF-1AA3-4025-A4AA-A4D73C2EEE59}.Release|ARM.Build.0 = Release|Any CPU
		{FA41B5BF-1AA3-4025-A4AA-A4D73C2EEE59}.Release|x64.ActiveCfg = Release|Any CPU
		{FA41B5BF-1AA3-4025-A4AA-A4D73C2EEE59}.Release|x64.Build.0 = Release|Any CPU
		{FA41B5BF-1AA3-4025-A4AA-A4D73C2EEE59}.Release|x86.ActiveCfg = Release|Any CPU
		{FA41B5BF-1AA3-4025-A4AA-A4D73C2EEE59}.Release|x86.Build.0 = Release|Any CPU
		{C32C7315-816C-4B48-96F6-71D2465F6C8D}.Debug|Any CPU.ActiveCfg = Debug|Any CPU
		{C32C7315-816C-4B48-96F6-71D2465F6C8D}.Debug|Any CPU.Build.0 = Debug|Any CPU
		{C32C7315-816C-4B48-96F6-71D2465F6C8D}.Debug|ARM.ActiveCfg = Debug|Any CPU
		{C32C7315-816C-4B48-96F6-71D2465F6C8D}.Debug|ARM.Build.0 = Debug|Any CPU
		{C32C7315-816C-4B48-96F6-71D2465F6C8D}.Debug|x64.ActiveCfg = Debug|Any CPU
		{C32C7315-816C-4B48-96F6-71D2465F6C8D}.Debug|x64.Build.0 = Debug|Any CPU
		{C32C7315-816C-4B48-96F6-71D2465F6C8D}.Debug|x86.ActiveCfg = Debug|Any CPU
		{C32C7315-816C-4B48-96F6-71D2465F6C8D}.Debug|x86.Build.0 = Debug|Any CPU
		{C32C7315-816C-4B48-96F6-71D2465F6C8D}.Release|Any CPU.ActiveCfg = Release|Any CPU
		{C32C7315-816C-4B48-96F6-71D2465F6C8D}.Release|Any CPU.Build.0 = Release|Any CPU
		{C32C7315-816C-4B48-96F6-71D2465F6C8D}.Release|ARM.ActiveCfg = Release|Any CPU
		{C32C7315-816C-4B48-96F6-71D2465F6C8D}.Release|ARM.Build.0 = Release|Any CPU
		{C32C7315-816C-4B48-96F6-71D2465F6C8D}.Release|x64.ActiveCfg = Release|Any CPU
		{C32C7315-816C-4B48-96F6-71D2465F6C8D}.Release|x64.Build.0 = Release|Any CPU
		{C32C7315-816C-4B48-96F6-71D2465F6C8D}.Release|x86.ActiveCfg = Release|Any CPU
		{C32C7315-816C-4B48-96F6-71D2465F6C8D}.Release|x86.Build.0 = Release|Any CPU
		{52F4DF30-0A5F-452E-846F-739F559E621A}.Debug|Any CPU.ActiveCfg = Debug|Any CPU
		{52F4DF30-0A5F-452E-846F-739F559E621A}.Debug|Any CPU.Build.0 = Debug|Any CPU
		{52F4DF30-0A5F-452E-846F-739F559E621A}.Debug|ARM.ActiveCfg = Debug|Any CPU
		{52F4DF30-0A5F-452E-846F-739F559E621A}.Debug|ARM.Build.0 = Debug|Any CPU
		{52F4DF30-0A5F-452E-846F-739F559E621A}.Debug|x64.ActiveCfg = Debug|Any CPU
		{52F4DF30-0A5F-452E-846F-739F559E621A}.Debug|x64.Build.0 = Debug|Any CPU
		{52F4DF30-0A5F-452E-846F-739F559E621A}.Debug|x86.ActiveCfg = Debug|Any CPU
		{52F4DF30-0A5F-452E-846F-739F559E621A}.Debug|x86.Build.0 = Debug|Any CPU
		{52F4DF30-0A5F-452E-846F-739F559E621A}.Release|Any CPU.ActiveCfg = Release|Any CPU
		{52F4DF30-0A5F-452E-846F-739F559E621A}.Release|Any CPU.Build.0 = Release|Any CPU
		{52F4DF30-0A5F-452E-846F-739F559E621A}.Release|ARM.ActiveCfg = Release|Any CPU
		{52F4DF30-0A5F-452E-846F-739F559E621A}.Release|ARM.Build.0 = Release|Any CPU
		{52F4DF30-0A5F-452E-846F-739F559E621A}.Release|x64.ActiveCfg = Release|Any CPU
		{52F4DF30-0A5F-452E-846F-739F559E621A}.Release|x64.Build.0 = Release|Any CPU
		{52F4DF30-0A5F-452E-846F-739F559E621A}.Release|x86.ActiveCfg = Release|Any CPU
		{52F4DF30-0A5F-452E-846F-739F559E621A}.Release|x86.Build.0 = Release|Any CPU
		{D6E57955-BDC0-4FE3-83B4-094989091A5D}.Debug|Any CPU.ActiveCfg = Debug|Any CPU
		{D6E57955-BDC0-4FE3-83B4-094989091A5D}.Debug|Any CPU.Build.0 = Debug|Any CPU
		{D6E57955-BDC0-4FE3-83B4-094989091A5D}.Debug|ARM.ActiveCfg = Debug|Any CPU
		{D6E57955-BDC0-4FE3-83B4-094989091A5D}.Debug|ARM.Build.0 = Debug|Any CPU
		{D6E57955-BDC0-4FE3-83B4-094989091A5D}.Debug|x64.ActiveCfg = Debug|Any CPU
		{D6E57955-BDC0-4FE3-83B4-094989091A5D}.Debug|x64.Build.0 = Debug|Any CPU
		{D6E57955-BDC0-4FE3-83B4-094989091A5D}.Debug|x86.ActiveCfg = Debug|Any CPU
		{D6E57955-BDC0-4FE3-83B4-094989091A5D}.Debug|x86.Build.0 = Debug|Any CPU
		{D6E57955-BDC0-4FE3-83B4-094989091A5D}.Release|Any CPU.ActiveCfg = Release|Any CPU
		{D6E57955-BDC0-4FE3-83B4-094989091A5D}.Release|Any CPU.Build.0 = Release|Any CPU
		{D6E57955-BDC0-4FE3-83B4-094989091A5D}.Release|ARM.ActiveCfg = Release|Any CPU
		{D6E57955-BDC0-4FE3-83B4-094989091A5D}.Release|ARM.Build.0 = Release|Any CPU
		{D6E57955-BDC0-4FE3-83B4-094989091A5D}.Release|x64.ActiveCfg = Release|Any CPU
		{D6E57955-BDC0-4FE3-83B4-094989091A5D}.Release|x64.Build.0 = Release|Any CPU
		{D6E57955-BDC0-4FE3-83B4-094989091A5D}.Release|x86.ActiveCfg = Release|Any CPU
		{D6E57955-BDC0-4FE3-83B4-094989091A5D}.Release|x86.Build.0 = Release|Any CPU
		{9FB8A1FA-B4CE-4281-A76A-E69AF4996005}.Debug|Any CPU.ActiveCfg = Debug|Any CPU
		{9FB8A1FA-B4CE-4281-A76A-E69AF4996005}.Debug|Any CPU.Build.0 = Debug|Any CPU
		{9FB8A1FA-B4CE-4281-A76A-E69AF4996005}.Debug|ARM.ActiveCfg = Debug|Any CPU
		{9FB8A1FA-B4CE-4281-A76A-E69AF4996005}.Debug|ARM.Build.0 = Debug|Any CPU
		{9FB8A1FA-B4CE-4281-A76A-E69AF4996005}.Debug|x64.ActiveCfg = Debug|Any CPU
		{9FB8A1FA-B4CE-4281-A76A-E69AF4996005}.Debug|x64.Build.0 = Debug|Any CPU
		{9FB8A1FA-B4CE-4281-A76A-E69AF4996005}.Debug|x86.ActiveCfg = Debug|Any CPU
		{9FB8A1FA-B4CE-4281-A76A-E69AF4996005}.Debug|x86.Build.0 = Debug|Any CPU
		{9FB8A1FA-B4CE-4281-A76A-E69AF4996005}.Release|Any CPU.ActiveCfg = Release|Any CPU
		{9FB8A1FA-B4CE-4281-A76A-E69AF4996005}.Release|Any CPU.Build.0 = Release|Any CPU
		{9FB8A1FA-B4CE-4281-A76A-E69AF4996005}.Release|ARM.ActiveCfg = Release|Any CPU
		{9FB8A1FA-B4CE-4281-A76A-E69AF4996005}.Release|ARM.Build.0 = Release|Any CPU
		{9FB8A1FA-B4CE-4281-A76A-E69AF4996005}.Release|x64.ActiveCfg = Release|Any CPU
		{9FB8A1FA-B4CE-4281-A76A-E69AF4996005}.Release|x64.Build.0 = Release|Any CPU
		{9FB8A1FA-B4CE-4281-A76A-E69AF4996005}.Release|x86.ActiveCfg = Release|Any CPU
		{9FB8A1FA-B4CE-4281-A76A-E69AF4996005}.Release|x86.Build.0 = Release|Any CPU
		{82074A33-B3C6-438E-9C52-E82387A2462A}.Debug|Any CPU.ActiveCfg = Debug|Any CPU
		{82074A33-B3C6-438E-9C52-E82387A2462A}.Debug|Any CPU.Build.0 = Debug|Any CPU
		{82074A33-B3C6-438E-9C52-E82387A2462A}.Debug|ARM.ActiveCfg = Debug|Any CPU
		{82074A33-B3C6-438E-9C52-E82387A2462A}.Debug|ARM.Build.0 = Debug|Any CPU
		{82074A33-B3C6-438E-9C52-E82387A2462A}.Debug|x64.ActiveCfg = Debug|Any CPU
		{82074A33-B3C6-438E-9C52-E82387A2462A}.Debug|x64.Build.0 = Debug|Any CPU
		{82074A33-B3C6-438E-9C52-E82387A2462A}.Debug|x86.ActiveCfg = Debug|Any CPU
		{82074A33-B3C6-438E-9C52-E82387A2462A}.Debug|x86.Build.0 = Debug|Any CPU
		{82074A33-B3C6-438E-9C52-E82387A2462A}.Release|Any CPU.ActiveCfg = Release|Any CPU
		{82074A33-B3C6-438E-9C52-E82387A2462A}.Release|Any CPU.Build.0 = Release|Any CPU
		{82074A33-B3C6-438E-9C52-E82387A2462A}.Release|ARM.ActiveCfg = Release|Any CPU
		{82074A33-B3C6-438E-9C52-E82387A2462A}.Release|ARM.Build.0 = Release|Any CPU
		{82074A33-B3C6-438E-9C52-E82387A2462A}.Release|x64.ActiveCfg = Release|Any CPU
		{82074A33-B3C6-438E-9C52-E82387A2462A}.Release|x64.Build.0 = Release|Any CPU
		{82074A33-B3C6-438E-9C52-E82387A2462A}.Release|x86.ActiveCfg = Release|Any CPU
		{82074A33-B3C6-438E-9C52-E82387A2462A}.Release|x86.Build.0 = Release|Any CPU
		{D9BBD533-56CD-400A-B8B7-E60F860C72A1}.Debug|Any CPU.ActiveCfg = Debug|Any CPU
		{D9BBD533-56CD-400A-B8B7-E60F860C72A1}.Debug|Any CPU.Build.0 = Debug|Any CPU
		{D9BBD533-56CD-400A-B8B7-E60F860C72A1}.Debug|ARM.ActiveCfg = Debug|Any CPU
		{D9BBD533-56CD-400A-B8B7-E60F860C72A1}.Debug|ARM.Build.0 = Debug|Any CPU
		{D9BBD533-56CD-400A-B8B7-E60F860C72A1}.Debug|x64.ActiveCfg = Debug|Any CPU
		{D9BBD533-56CD-400A-B8B7-E60F860C72A1}.Debug|x64.Build.0 = Debug|Any CPU
		{D9BBD533-56CD-400A-B8B7-E60F860C72A1}.Debug|x86.ActiveCfg = Debug|Any CPU
		{D9BBD533-56CD-400A-B8B7-E60F860C72A1}.Debug|x86.Build.0 = Debug|Any CPU
		{D9BBD533-56CD-400A-B8B7-E60F860C72A1}.Release|Any CPU.ActiveCfg = Release|Any CPU
		{D9BBD533-56CD-400A-B8B7-E60F860C72A1}.Release|Any CPU.Build.0 = Release|Any CPU
		{D9BBD533-56CD-400A-B8B7-E60F860C72A1}.Release|ARM.ActiveCfg = Release|Any CPU
		{D9BBD533-56CD-400A-B8B7-E60F860C72A1}.Release|ARM.Build.0 = Release|Any CPU
		{D9BBD533-56CD-400A-B8B7-E60F860C72A1}.Release|x64.ActiveCfg = Release|Any CPU
		{D9BBD533-56CD-400A-B8B7-E60F860C72A1}.Release|x64.Build.0 = Release|Any CPU
		{D9BBD533-56CD-400A-B8B7-E60F860C72A1}.Release|x86.ActiveCfg = Release|Any CPU
		{D9BBD533-56CD-400A-B8B7-E60F860C72A1}.Release|x86.Build.0 = Release|Any CPU
		{3233A954-012F-431B-8A0C-D2951955353B}.Debug|Any CPU.ActiveCfg = Debug|x86
		{3233A954-012F-431B-8A0C-D2951955353B}.Debug|ARM.ActiveCfg = Debug|ARM
		{3233A954-012F-431B-8A0C-D2951955353B}.Debug|ARM.Build.0 = Debug|ARM
		{3233A954-012F-431B-8A0C-D2951955353B}.Debug|ARM.Deploy.0 = Debug|ARM
		{3233A954-012F-431B-8A0C-D2951955353B}.Debug|x64.ActiveCfg = Debug|x64
		{3233A954-012F-431B-8A0C-D2951955353B}.Debug|x64.Build.0 = Debug|x64
		{3233A954-012F-431B-8A0C-D2951955353B}.Debug|x64.Deploy.0 = Debug|x64
		{3233A954-012F-431B-8A0C-D2951955353B}.Debug|x86.ActiveCfg = Debug|x86
		{3233A954-012F-431B-8A0C-D2951955353B}.Debug|x86.Build.0 = Debug|x86
		{3233A954-012F-431B-8A0C-D2951955353B}.Debug|x86.Deploy.0 = Debug|x86
		{3233A954-012F-431B-8A0C-D2951955353B}.Release|Any CPU.ActiveCfg = Release|x86
		{3233A954-012F-431B-8A0C-D2951955353B}.Release|ARM.ActiveCfg = Release|ARM
		{3233A954-012F-431B-8A0C-D2951955353B}.Release|ARM.Build.0 = Release|ARM
		{3233A954-012F-431B-8A0C-D2951955353B}.Release|ARM.Deploy.0 = Release|ARM
		{3233A954-012F-431B-8A0C-D2951955353B}.Release|x64.ActiveCfg = Release|x64
		{3233A954-012F-431B-8A0C-D2951955353B}.Release|x64.Build.0 = Release|x64
		{3233A954-012F-431B-8A0C-D2951955353B}.Release|x64.Deploy.0 = Release|x64
		{3233A954-012F-431B-8A0C-D2951955353B}.Release|x86.ActiveCfg = Release|x86
		{3233A954-012F-431B-8A0C-D2951955353B}.Release|x86.Build.0 = Release|x86
		{3233A954-012F-431B-8A0C-D2951955353B}.Release|x86.Deploy.0 = Release|x86
	EndGlobalSection
	GlobalSection(SolutionProperties) = preSolution
		HideSolutionNode = FALSE
	EndGlobalSection
	GlobalSection(NestedProjects) = preSolution
		{9F76859C-6EE0-49DF-80EE-040CA9958887} = {7672A78E-DAD6-4714-9690-34C4AD9F1ACA}
		{722F9974-8180-4FA4-B5DD-60F5FE57BED1} = {7672A78E-DAD6-4714-9690-34C4AD9F1ACA}
		{7781D524-D6EF-4B40-9C8F-9AB53DF0DA44} = {7672A78E-DAD6-4714-9690-34C4AD9F1ACA}
		{A1C915C4-ECEB-4D1D-A460-2E43CA6CE661} = {7672A78E-DAD6-4714-9690-34C4AD9F1ACA}
		{A991C77D-CD1F-47B6-AC2C-E45387425E9B} = {7672A78E-DAD6-4714-9690-34C4AD9F1ACA}
		{A1191F74-9946-4AA3-99B7-A1ED2DE8557D} = {7672A78E-DAD6-4714-9690-34C4AD9F1ACA}
		{D39933BD-C29A-42EC-BA01-3959DC04DC87} = {CDF1D9BC-5187-45CE-AB22-0C1B33F47389}
		{3E9C4D77-05A3-4AC0-BFEB-802F5F0558B5} = {CDF1D9BC-5187-45CE-AB22-0C1B33F47389}
		{EE1A0FFE-5E80-4881-93DF-167981A6FA05} = {CDF1D9BC-5187-45CE-AB22-0C1B33F47389}
		{FA41B5BF-1AA3-4025-A4AA-A4D73C2EEE59} = {CDF1D9BC-5187-45CE-AB22-0C1B33F47389}
		{C32C7315-816C-4B48-96F6-71D2465F6C8D} = {16A1F859-1FCA-4546-8426-4797DF68BE4C}
		{52F4DF30-0A5F-452E-846F-739F559E621A} = {16A1F859-1FCA-4546-8426-4797DF68BE4C}
		{D6E57955-BDC0-4FE3-83B4-094989091A5D} = {16A1F859-1FCA-4546-8426-4797DF68BE4C}
		{9FB8A1FA-B4CE-4281-A76A-E69AF4996005} = {16A1F859-1FCA-4546-8426-4797DF68BE4C}
		{82074A33-B3C6-438E-9C52-E82387A2462A} = {CDF1D9BC-5187-45CE-AB22-0C1B33F47389}
		{D9BBD533-56CD-400A-B8B7-E60F860C72A1} = {16A1F859-1FCA-4546-8426-4797DF68BE4C}
		{3233A954-012F-431B-8A0C-D2951955353B} = {7672A78E-DAD6-4714-9690-34C4AD9F1ACA}
	EndGlobalSection
	GlobalSection(ExtensibilityGlobals) = postSolution
		SolutionGuid = {8E30D733-B9CE-4223-93F4-1C3877C75131}
	EndGlobalSection
EndGlobal
